
Microsoft Visual Studio Solution File, Format Version 12.00
# Visual Studio Version 16
VisualStudioVersion = 16.0.29920.165
MinimumVisualStudioVersion = 10.0.40219.1
Project("{FAE04EC0-301F-11D3-BF4B-00C04F79EFBC}") = "GenericAPI", "GenericAPI.csproj", "{1BD4732E-6479-4AE9-B234-9291EEA63400}"
EndProject
Project("{FAE04EC0-301F-11D3-BF4B-00C04F79EFBC}") = "GenericApi.Service", "..\GenericApi.Service\GenericApi.Service.csproj", "{3F3958EA-C60A-4E86-88A1-55749F1D7AD2}"
EndProject
Project("{FAE04EC0-301F-11D3-BF4B-00C04F79EFBC}") = "GenericApi.Model", "..\GenericApi.Model\GenericApi.Model.csproj", "{CFABB1B7-32C2-4EBB-BD1E-0294F8AEACA2}"
EndProject
Global
	GlobalSection(SolutionConfigurationPlatforms) = preSolution
		Debug|Any CPU = Debug|Any CPU
		Release|Any CPU = Release|Any CPU
	EndGlobalSection
	GlobalSection(ProjectConfigurationPlatforms) = postSolution
		{1BD4732E-6479-4AE9-B234-9291EEA63400}.Debug|Any CPU.ActiveCfg = Debug|Any CPU
		{1BD4732E-6479-4AE9-B234-9291EEA63400}.Debug|Any CPU.Build.0 = Debug|Any CPU
		{1BD4732E-6479-4AE9-B234-9291EEA63400}.Release|Any CPU.ActiveCfg = Release|Any CPU
		{1BD4732E-6479-4AE9-B234-9291EEA63400}.Release|Any CPU.Build.0 = Release|Any CPU
		{3F3958EA-C60A-4E86-88A1-55749F1D7AD2}.Debug|Any CPU.ActiveCfg = Debug|Any CPU
		{3F3958EA-C60A-4E86-88A1-55749F1D7AD2}.Debug|Any CPU.Build.0 = Debug|Any CPU
		{3F3958EA-C60A-4E86-88A1-55749F1D7AD2}.Release|Any CPU.ActiveCfg = Release|Any CPU
		{3F3958EA-C60A-4E86-88A1-55749F1D7AD2}.Release|Any CPU.Build.0 = Release|Any CPU
		{CFABB1B7-32C2-4EBB-BD1E-0294F8AEACA2}.Debug|Any CPU.ActiveCfg = Debug|Any CPU
		{CFABB1B7-32C2-4EBB-BD1E-0294F8AEACA2}.Debug|Any CPU.Build.0 = Debug|Any CPU
		{CFABB1B7-32C2-4EBB-BD1E-0294F8AEACA2}.Release|Any CPU.ActiveCfg = Release|Any CPU
		{CFABB1B7-32C2-4EBB-BD1E-0294F8AEACA2}.Release|Any CPU.Build.0 = Release|Any CPU
	EndGlobalSection
	GlobalSection(SolutionProperties) = preSolution
		HideSolutionNode = FALSE
	EndGlobalSection
	GlobalSection(ExtensibilityGlobals) = postSolution
		SolutionGuid = {8733A373-E305-4C21-A222-A1EA9FDB78E9}
	EndGlobalSection
EndGlobal
